// !$*UTF8*$!
{
	archiveVersion = 1;
	classes = {
	};
	objectVersion = 50;
	objects = {

/* Begin PBXBuildFile section */
		EA61137D25209FD900E4BEAA /* Constants.swift in Sources */ = {isa = PBXBuildFile; fileRef = EA61137C25209FD900E4BEAA /* Constants.swift */; };
		EA6113862520A3C900E4BEAA /* Video.swift in Sources */ = {isa = PBXBuildFile; fileRef = EA6113852520A3C900E4BEAA /* Video.swift */; };
		EA6113892520A4C900E4BEAA /* NetworkManager.swift in Sources */ = {isa = PBXBuildFile; fileRef = EA6113882520A4C900E4BEAA /* NetworkManager.swift */; };
		EA61138C2520A8B300E4BEAA /* DataFetcherManager.swift in Sources */ = {isa = PBXBuildFile; fileRef = EA61138B2520A8B300E4BEAA /* DataFetcherManager.swift */; };
		EA6113912520B01300E4BEAA /* APIKey.swift in Sources */ = {isa = PBXBuildFile; fileRef = EA6113902520B01300E4BEAA /* APIKey.swift */; };
		EAAA5652251FC09400260081 /* AppDelegate.swift in Sources */ = {isa = PBXBuildFile; fileRef = EAAA5651251FC09400260081 /* AppDelegate.swift */; };
		EAAA5654251FC09400260081 /* SceneDelegate.swift in Sources */ = {isa = PBXBuildFile; fileRef = EAAA5653251FC09400260081 /* SceneDelegate.swift */; };
		EAAA5656251FC09400260081 /* FeedViewController.swift in Sources */ = {isa = PBXBuildFile; fileRef = EAAA5655251FC09400260081 /* FeedViewController.swift */; };
		EAAA5659251FC09400260081 /* Main.storyboard in Resources */ = {isa = PBXBuildFile; fileRef = EAAA5657251FC09400260081 /* Main.storyboard */; };
		EAAA565B251FC09600260081 /* Assets.xcassets in Resources */ = {isa = PBXBuildFile; fileRef = EAAA565A251FC09600260081 /* Assets.xcassets */; };
		EAAA565E251FC09600260081 /* LaunchScreen.storyboard in Resources */ = {isa = PBXBuildFile; fileRef = EAAA565C251FC09600260081 /* LaunchScreen.storyboard */; };
		EAFF15672521F63E000CFED3 /* VideosResponse.swift in Sources */ = {isa = PBXBuildFile; fileRef = EAFF15662521F63E000CFED3 /* VideosResponse.swift */; };
/* End PBXBuildFile section */

/* Begin PBXFileReference section */
		EA61137C25209FD900E4BEAA /* Constants.swift */ = {isa = PBXFileReference; lastKnownFileType = sourcecode.swift; path = Constants.swift; sourceTree = "<group>"; };
		EA6113852520A3C900E4BEAA /* Video.swift */ = {isa = PBXFileReference; lastKnownFileType = sourcecode.swift; path = Video.swift; sourceTree = "<group>"; };
		EA6113882520A4C900E4BEAA /* NetworkManager.swift */ = {isa = PBXFileReference; lastKnownFileType = sourcecode.swift; path = NetworkManager.swift; sourceTree = "<group>"; };
		EA61138B2520A8B300E4BEAA /* DataFetcherManager.swift */ = {isa = PBXFileReference; lastKnownFileType = sourcecode.swift; path = DataFetcherManager.swift; sourceTree = "<group>"; };
		EA6113902520B01300E4BEAA /* APIKey.swift */ = {isa = PBXFileReference; lastKnownFileType = sourcecode.swift; path = APIKey.swift; sourceTree = "<group>"; };
		EAAA564E251FC09400260081 /* YouTubeApp.app */ = {isa = PBXFileReference; explicitFileType = wrapper.application; includeInIndex = 0; path = YouTubeApp.app; sourceTree = BUILT_PRODUCTS_DIR; };
		EAAA5651251FC09400260081 /* AppDelegate.swift */ = {isa = PBXFileReference; lastKnownFileType = sourcecode.swift; path = AppDelegate.swift; sourceTree = "<group>"; };
		EAAA5653251FC09400260081 /* SceneDelegate.swift */ = {isa = PBXFileReference; lastKnownFileType = sourcecode.swift; path = SceneDelegate.swift; sourceTree = "<group>"; };
		EAAA5655251FC09400260081 /* FeedViewController.swift */ = {isa = PBXFileReference; lastKnownFileType = sourcecode.swift; path = FeedViewController.swift; sourceTree = "<group>"; };
		EAAA5658251FC09400260081 /* Base */ = {isa = PBXFileReference; lastKnownFileType = file.storyboard; name = Base; path = Base.lproj/Main.storyboard; sourceTree = "<group>"; };
		EAAA565A251FC09600260081 /* Assets.xcassets */ = {isa = PBXFileReference; lastKnownFileType = folder.assetcatalog; path = Assets.xcassets; sourceTree = "<group>"; };
		EAAA565D251FC09600260081 /* Base */ = {isa = PBXFileReference; lastKnownFileType = file.storyboard; name = Base; path = Base.lproj/LaunchScreen.storyboard; sourceTree = "<group>"; };
		EAAA565F251FC09600260081 /* Info.plist */ = {isa = PBXFileReference; lastKnownFileType = text.plist.xml; path = Info.plist; sourceTree = "<group>"; };
		EAFF15662521F63E000CFED3 /* VideosResponse.swift */ = {isa = PBXFileReference; lastKnownFileType = sourcecode.swift; path = VideosResponse.swift; sourceTree = "<group>"; };
/* End PBXFileReference section */

/* Begin PBXFrameworksBuildPhase section */
		EAAA564B251FC09400260081 /* Frameworks */ = {
			isa = PBXFrameworksBuildPhase;
			buildActionMask = 2147483647;
			files = (
			);
			runOnlyForDeploymentPostprocessing = 0;
		};
/* End PBXFrameworksBuildPhase section */

/* Begin PBXGroup section */
		EA61137F2520A37E00E4BEAA /* Application */ = {
			isa = PBXGroup;
			children = (
				EAAA5651251FC09400260081 /* AppDelegate.swift */,
				EAAA5653251FC09400260081 /* SceneDelegate.swift */,
			);
			path = Application;
			sourceTree = "<group>";
		};
		EA6113812520A39000E4BEAA /* Resources */ = {
			isa = PBXGroup;
			children = (
				EA61137C25209FD900E4BEAA /* Constants.swift */,
				EA6113902520B01300E4BEAA /* APIKey.swift */,
				EAAA565A251FC09600260081 /* Assets.xcassets */,
				EAAA565C251FC09600260081 /* LaunchScreen.storyboard */,
			);
			path = Resources;
			sourceTree = "<group>";
		};
		EA6113832520A39E00E4BEAA /* Configuration */ = {
			isa = PBXGroup;
			children = (
				EAAA565F251FC09600260081 /* Info.plist */,
			);
			path = Configuration;
			sourceTree = "<group>";
		};
		EA6113842520A3BD00E4BEAA /* Models */ = {
			isa = PBXGroup;
			children = (
				EA6113852520A3C900E4BEAA /* Video.swift */,
				EAFF15662521F63E000CFED3 /* VideosResponse.swift */,
			);
			path = Models;
			sourceTree = "<group>";
		};
		EA61138E2520A9BB00E4BEAA /* Managers */ = {
			isa = PBXGroup;
			children = (
				EA6113882520A4C900E4BEAA /* NetworkManager.swift */,
				EA61138B2520A8B300E4BEAA /* DataFetcherManager.swift */,
			);
			path = Managers;
			sourceTree = "<group>";
		};
		EAAA5645251FC09300260081 = {
			isa = PBXGroup;
			children = (
				EAAA5650251FC09400260081 /* YouTubeApp */,
				EAAA564F251FC09400260081 /* Products */,
			);
			sourceTree = "<group>";
		};
		EAAA564F251FC09400260081 /* Products */ = {
			isa = PBXGroup;
			children = (
				EAAA564E251FC09400260081 /* YouTubeApp.app */,
			);
			name = Products;
			sourceTree = "<group>";
		};
		EAAA5650251FC09400260081 /* YouTubeApp */ = {
			isa = PBXGroup;
			children = (
				EA6113842520A3BD00E4BEAA /* Models */,
				EAAA5655251FC09400260081 /* FeedViewController.swift */,
				EA61138E2520A9BB00E4BEAA /* Managers */,
				EA6113812520A39000E4BEAA /* Resources */,
				EAAA5657251FC09400260081 /* Main.storyboard */,
				EA61137F2520A37E00E4BEAA /* Application */,
				EA6113832520A39E00E4BEAA /* Configuration */,
			);
			path = YouTubeApp;
			sourceTree = "<group>";
		};
/* End PBXGroup section */

/* Begin PBXNativeTarget section */
		EAAA564D251FC09400260081 /* YouTubeApp */ = {
			isa = PBXNativeTarget;
			buildConfigurationList = EAAA5662251FC09600260081 /* Build configuration list for PBXNativeTarget "YouTubeApp" */;
			buildPhases = (
				EAAA564A251FC09400260081 /* Sources */,
				EAAA564B251FC09400260081 /* Frameworks */,
				EAAA564C251FC09400260081 /* Resources */,
			);
			buildRules = (
			);
			dependencies = (
			);
			name = YouTubeApp;
			productName = YouTubeApp;
			productReference = EAAA564E251FC09400260081 /* YouTubeApp.app */;
			productType = "com.apple.product-type.application";
		};
/* End PBXNativeTarget section */

/* Begin PBXProject section */
		EAAA5646251FC09300260081 /* Project object */ = {
			isa = PBXProject;
			attributes = {
				LastSwiftUpdateCheck = 1170;
				LastUpgradeCheck = 1200;
				ORGANIZATIONNAME = AlexislogS;
				TargetAttributes = {
					EAAA564D251FC09400260081 = {
						CreatedOnToolsVersion = 11.7;
					};
				};
			};
			buildConfigurationList = EAAA5649251FC09300260081 /* Build configuration list for PBXProject "YouTubeApp" */;
			compatibilityVersion = "Xcode 9.3";
			developmentRegion = en;
			hasScannedForEncodings = 0;
			knownRegions = (
				en,
				Base,
			);
			mainGroup = EAAA5645251FC09300260081;
			productRefGroup = EAAA564F251FC09400260081 /* Products */;
			projectDirPath = "";
			projectRoot = "";
			targets = (
				EAAA564D251FC09400260081 /* YouTubeApp */,
			);
		};
/* End PBXProject section */

/* Begin PBXResourcesBuildPhase section */
		EAAA564C251FC09400260081 /* Resources */ = {
			isa = PBXResourcesBuildPhase;
			buildActionMask = 2147483647;
			files = (
				EAAA565E251FC09600260081 /* LaunchScreen.storyboard in Resources */,
				EAAA565B251FC09600260081 /* Assets.xcassets in Resources */,
				EAAA5659251FC09400260081 /* Main.storyboard in Resources */,
			);
			runOnlyForDeploymentPostprocessing = 0;
		};
/* End PBXResourcesBuildPhase section */

/* Begin PBXSourcesBuildPhase section */
		EAAA564A251FC09400260081 /* Sources */ = {
			isa = PBXSourcesBuildPhase;
			buildActionMask = 2147483647;
			files = (
				EAFF15672521F63E000CFED3 /* VideosResponse.swift in Sources */,
				EA6113892520A4C900E4BEAA /* NetworkManager.swift in Sources */,
				EAAA5656251FC09400260081 /* FeedViewController.swift in Sources */,
				EA6113912520B01300E4BEAA /* APIKey.swift in Sources */,
				EA61138C2520A8B300E4BEAA /* DataFetcherManager.swift in Sources */,
				EAAA5652251FC09400260081 /* AppDelegate.swift in Sources */,
				EAAA5654251FC09400260081 /* SceneDelegate.swift in Sources */,
				EA61137D25209FD900E4BEAA /* Constants.swift in Sources */,
				EA6113862520A3C900E4BEAA /* Video.swift in Sources */,
			);
			runOnlyForDeploymentPostprocessing = 0;
		};
/* End PBXSourcesBuildPhase section */

/* Begin PBXVariantGroup section */
		EAAA5657251FC09400260081 /* Main.storyboard */ = {
			isa = PBXVariantGroup;
			children = (
				EAAA5658251FC09400260081 /* Base */,
			);
			name = Main.storyboard;
			sourceTree = "<group>";
		};
		EAAA565C251FC09600260081 /* LaunchScreen.storyboard */ = {
			isa = PBXVariantGroup;
			children = (
				EAAA565D251FC09600260081 /* Base */,
			);
			name = LaunchScreen.storyboard;
			sourceTree = "<group>";
		};
/* End PBXVariantGroup section */

/* Begin XCBuildConfiguration section */
		EAAA5660251FC09600260081 /* Debug */ = {
			isa = XCBuildConfiguration;
			buildSettings = {
				ALWAYS_SEARCH_USER_PATHS = NO;
				CLANG_ANALYZER_NONNULL = YES;
				CLANG_ANALYZER_NUMBER_OBJECT_CONVERSION = YES_AGGRESSIVE;
				CLANG_CXX_LANGUAGE_STANDARD = "gnu++14";
				CLANG_CXX_LIBRARY = "libc++";
				CLANG_ENABLE_MODULES = YES;
				CLANG_ENABLE_OBJC_ARC = YES;
				CLANG_ENABLE_OBJC_WEAK = YES;
				CLANG_WARN_BLOCK_CAPTURE_AUTORELEASING = YES;
				CLANG_WARN_BOOL_CONVERSION = YES;
				CLANG_WARN_COMMA = YES;
				CLANG_WARN_CONSTANT_CONVERSION = YES;
				CLANG_WARN_DEPRECATED_OBJC_IMPLEMENTATIONS = YES;
				CLANG_WARN_DIRECT_OBJC_ISA_USAGE = YES_ERROR;
				CLANG_WARN_DOCUMENTATION_COMMENTS = YES;
				CLANG_WARN_EMPTY_BODY = YES;
				CLANG_WARN_ENUM_CONVERSION = YES;
				CLANG_WARN_INFINITE_RECURSION = YES;
				CLANG_WARN_INT_CONVERSION = YES;
				CLANG_WARN_NON_LITERAL_NULL_CONVERSION = YES;
				CLANG_WARN_OBJC_IMPLICIT_RETAIN_SELF = YES;
				CLANG_WARN_OBJC_LITERAL_CONVERSION = YES;
				CLANG_WARN_OBJC_ROOT_CLASS = YES_ERROR;
				CLANG_WARN_QUOTED_INCLUDE_IN_FRAMEWORK_HEADER = YES;
				CLANG_WARN_RANGE_LOOP_ANALYSIS = YES;
				CLANG_WARN_STRICT_PROTOTYPES = YES;
				CLANG_WARN_SUSPICIOUS_MOVE = YES;
				CLANG_WARN_UNGUARDED_AVAILABILITY = YES_AGGRESSIVE;
				CLANG_WARN_UNREACHABLE_CODE = YES;
				CLANG_WARN__DUPLICATE_METHOD_MATCH = YES;
				COPY_PHASE_STRIP = NO;
				DEBUG_INFORMATION_FORMAT = dwarf;
				ENABLE_STRICT_OBJC_MSGSEND = YES;
				ENABLE_TESTABILITY = YES;
				GCC_C_LANGUAGE_STANDARD = gnu11;
				GCC_DYNAMIC_NO_PIC = NO;
				GCC_NO_COMMON_BLOCKS = YES;
				GCC_OPTIMIZATION_LEVEL = 0;
				GCC_PREPROCESSOR_DEFINITIONS = (
					"DEBUG=1",
					"$(inherited)",
				);
				GCC_WARN_64_TO_32_BIT_CONVERSION = YES;
				GCC_WARN_ABOUT_RETURN_TYPE = YES_ERROR;
				GCC_WARN_UNDECLARED_SELECTOR = YES;
				GCC_WARN_UNINITIALIZED_AUTOS = YES_AGGRESSIVE;
				GCC_WARN_UNUSED_FUNCTION = YES;
				GCC_WARN_UNUSED_VARIABLE = YES;
				IPHONEOS_DEPLOYMENT_TARGET = 14.0;
				MTL_ENABLE_DEBUG_INFO = INCLUDE_SOURCE;
				MTL_FAST_MATH = YES;
				ONLY_ACTIVE_ARCH = YES;
				SDKROOT = iphoneos;
				SWIFT_ACTIVE_COMPILATION_CONDITIONS = DEBUG;
				SWIFT_OPTIMIZATION_LEVEL = "-Onone";
			};
			name = Debug;
		};
		EAAA5661251FC09600260081 /* Release */ = {
			isa = XCBuildConfiguration;
			buildSettings = {
				ALWAYS_SEARCH_USER_PATHS = NO;
				CLANG_ANALYZER_NONNULL = YES;
				CLANG_ANALYZER_NUMBER_OBJECT_CONVERSION = YES_AGGRESSIVE;
				CLANG_CXX_LANGUAGE_STANDARD = "gnu++14";
				CLANG_CXX_LIBRARY = "libc++";
				CLANG_ENABLE_MODULES = YES;
				CLANG_ENABLE_OBJC_ARC = YES;
				CLANG_ENABLE_OBJC_WEAK = YES;
				CLANG_WARN_BLOCK_CAPTURE_AUTORELEASING = YES;
				CLANG_WARN_BOOL_CONVERSION = YES;
				CLANG_WARN_COMMA = YES;
				CLANG_WARN_CONSTANT_CONVERSION = YES;
				CLANG_WARN_DEPRECATED_OBJC_IMPLEMENTATIONS = YES;
				CLANG_WARN_DIRECT_OBJC_ISA_USAGE = YES_ERROR;
				CLANG_WARN_DOCUMENTATION_COMMENTS = YES;
				CLANG_WARN_EMPTY_BODY = YES;
				CLANG_WARN_ENUM_CONVERSION = YES;
				CLANG_WARN_INFINITE_RECURSION = YES;
				CLANG_WARN_INT_CONVERSION = YES;
				CLANG_WARN_NON_LITERAL_NULL_CONVERSION = YES;
				CLANG_WARN_OBJC_IMPLICIT_RETAIN_SELF = YES;
				CLANG_WARN_OBJC_LITERAL_CONVERSION = YES;
				CLANG_WARN_OBJC_ROOT_CLASS = YES_ERROR;
				CLANG_WARN_QUOTED_INCLUDE_IN_FRAMEWORK_HEADER = YES;
				CLANG_WARN_RANGE_LOOP_ANALYSIS = YES;
				CLANG_WARN_STRICT_PROTOTYPES = YES;
				CLANG_WARN_SUSPICIOUS_MOVE = YES;
				CLANG_WARN_UNGUARDED_AVAILABILITY = YES_AGGRESSIVE;
				CLANG_WARN_UNREACHABLE_CODE = YES;
				CLANG_WARN__DUPLICATE_METHOD_MATCH = YES;
				COPY_PHASE_STRIP = NO;
				DEBUG_INFORMATION_FORMAT = "dwarf-with-dsym";
				ENABLE_NS_ASSERTIONS = NO;
				ENABLE_STRICT_OBJC_MSGSEND = YES;
				GCC_C_LANGUAGE_STANDARD = gnu11;
				GCC_NO_COMMON_BLOCKS = YES;
				GCC_WARN_64_TO_32_BIT_CONVERSION = YES;
				GCC_WARN_ABOUT_RETURN_TYPE = YES_ERROR;
				GCC_WARN_UNDECLARED_SELECTOR = YES;
				GCC_WARN_UNINITIALIZED_AUTOS = YES_AGGRESSIVE;
				GCC_WARN_UNUSED_FUNCTION = YES;
				GCC_WARN_UNUSED_VARIABLE = YES;
				IPHONEOS_DEPLOYMENT_TARGET = 14.0;
				MTL_ENABLE_DEBUG_INFO = NO;
				MTL_FAST_MATH = YES;
				SDKROOT = iphoneos;
				SWIFT_COMPILATION_MODE = wholemodule;
				SWIFT_OPTIMIZATION_LEVEL = "-O";
				VALIDATE_PRODUCT = YES;
			};
			name = Release;
		};
		EAAA5663251FC09600260081 /* Debug */ = {
			isa = XCBuildConfiguration;
			buildSettings = {
				ASSETCATALOG_COMPILER_APPICON_NAME = AppIcon;
				CODE_SIGN_STYLE = Automatic;
				DEVELOPMENT_TEAM = UG5F626PKK;
				INFOPLIST_FILE = "$(SRCROOT)/YouTubeApp/Configuration/Info.plist";
				LD_RUNPATH_SEARCH_PATHS = (
					"$(inherited)",
					"@executable_path/Frameworks",
				);
				PRODUCT_BUNDLE_IDENTIFIER = AS.YouTubeApp;
				PRODUCT_NAME = "$(TARGET_NAME)";
				SWIFT_VERSION = 5.0;
				TARGETED_DEVICE_FAMILY = "1,2";
			};
			name = Debug;
		};
		EAAA5664251FC09600260081 /* Release */ = {
			isa = XCBuildConfiguration;
			buildSettings = {
				ASSETCATALOG_COMPILER_APPICON_NAME = AppIcon;
				CODE_SIGN_STYLE = Automatic;
				DEVELOPMENT_TEAM = UG5F626PKK;
				INFOPLIST_FILE = "$(SRCROOT)/YouTubeApp/Configuration/Info.plist";
				LD_RUNPATH_SEARCH_PATHS = (
					"$(inherited)",
					"@executable_path/Frameworks",
				);
				PRODUCT_BUNDLE_IDENTIFIER = AS.YouTubeApp;
				PRODUCT_NAME = "$(TARGET_NAME)";
				SWIFT_VERSION = 5.0;
				TARGETED_DEVICE_FAMILY = "1,2";
			};
			name = Release;
		};
/* End XCBuildConfiguration section */

/* Begin XCConfigurationList section */
		EAAA5649251FC09300260081 /* Build configuration list for PBXProject "YouTubeApp" */ = {
			isa = XCConfigurationList;
			buildConfigurations = (
				EAAA5660251FC09600260081 /* Debug */,
				EAAA5661251FC09600260081 /* Release */,
			);
			defaultConfigurationIsVisible = 0;
			defaultConfigurationName = Release;
		};
		EAAA5662251FC09600260081 /* Build configuration list for PBXNativeTarget "YouTubeApp" */ = {
			isa = XCConfigurationList;
			buildConfigurations = (
				EAAA5663251FC09600260081 /* Debug */,
				EAAA5664251FC09600260081 /* Release */,
			);
			defaultConfigurationIsVisible = 0;
			defaultConfigurationName = Release;
		};
/* End XCConfigurationList section */
	};
	rootObject = EAAA5646251FC09300260081 /* Project object */;
}
